
Microsoft Visual Studio Solution File, Format Version 12.00
# Visual Studio Version 17
VisualStudioVersion = 17.0.31903.59
MinimumVisualStudioVersion = 10.0.40219.1
Project("{FAE04EC0-301F-11D3-BF4B-00C04F79EFBC}") = "Crew.App", "Crew.App\Crew.App.csproj", "{42E49E14-10AD-4225-B9C8-A66E6C566B39}"
EndProject
Global
	GlobalSection(SolutionConfigurationPlatforms) = preSolution
		Debug|Any CPU = Debug|Any CPU
		Release|Any CPU = Release|Any CPU
	EndGlobalSection
	GlobalSection(SolutionProperties) = preSolution
		HideSolutionNode = FALSE
	EndGlobalSection
	GlobalSection(ProjectConfigurationPlatforms) = postSolution
		{42E49E14-10AD-4225-B9C8-A66E6C566B39}.Debug|Any CPU.ActiveCfg = Debug|Any CPU
		{42E49E14-10AD-4225-B9C8-A66E6C566B39}.Debug|Any CPU.Build.0 = Debug|Any CPU
		{42E49E14-10AD-4225-B9C8-A66E6C566B39}.Release|Any CPU.ActiveCfg = Release|Any CPU
		{42E49E14-10AD-4225-B9C8-A66E6C566B39}.Release|Any CPU.Build.0 = Release|Any CPU
	EndGlobalSection
EndGlobal
